{
  "originHash" : "e45cfc7fb75e5690ed20936613ffa6820fb53c2e0091138128eae6287705bf72",
  "pins" : [
    {
      "identity" : "fluidaudio",
      "kind" : "remoteSourceControl",
      "location" : "https://github.com/FluidInference/FluidAudio.git",
      "state" : {
        "revision" : "ca0cbe77843d7049f0be28db57244e21fae46566",
        "version" : "0.17.6"
      }
    },
    {
      "identity" : "onnxruntime-libs",
      "kind" : "remoteSourceControl",
      "location" : "https://github.com/csukuangfj/onnxruntime-libs",
      "state" : {
        "revision" : "8ebc5ebf92190903c274a7621ba4c96a732335ec",
        "version" : "1.30.0"
      }
    },
    {
      "identity" : "sherpa-onnx",
      "kind" : "remoteSourceControl",
      "location" : "https://github.com/k2-fsa/sherpa-onnx.git",
      "state" : {
        "revision" : "11afbd009a7f8c08f4bcf2fc1b265d0df4670fbf",
        "version" : "1.13.8"
      }
    }
  ],
  "version" : 3
}
